<?xml version="1.0" encoding="UTF-8"?>
<!DOCTYPE plist PUBLIC "-//Apple//DTD PLIST 1.0//EN" "http://www.apple.com/DTDs/PropertyList-1.0.dtd">
<plist version="1.0">
<dict>
	<key>archiveVersion</key>
	<string>1</string>
	<key>classes</key>
	<dict/>
	<key>objectVersion</key>
	<string>46</string>
	<key>objects</key>
	<dict>
		<key>23C37F01F29E49F7833DFF55</key>
		<dict>
			<key>isa</key>
			<string>PBXFileReference</string>
			<key>lastKnownFileType</key>
			<string>wrapper.framework</string>
			<key>name</key>
			<string>MobileCoreServices.framework</string>
			<key>path</key>
			<string>System/Library/Frameworks/MobileCoreServices.framework</string>
			<key>sourceTree</key>
			<string>SDKROOT</string>
		</dict>
		<key>34EC9773E0134E2BB9A9AAB4</key>
		<dict>
			<key>fileRef</key>
			<string>37098F8AC94B453CB0A1D847</string>
			<key>isa</key>
			<string>PBXBuildFile</string>
		</dict>
		<key>37098F8AC94B453CB0A1D847</key>
		<dict>
			<key>includeInIndex</key>
			<string>1</string>
			<key>isa</key>
			<string>PBXFileReference</string>
			<key>lastKnownFileType</key>
			<string>archive.ar</string>
			<key>name</key>
			<string>libCIMLuaBindingSpriteKit.a</string>
			<key>path</key>
			<string>/Users/jean-luc/Library/Application Support/com.celedev.CodeFlow/iphoneos/iOS-8.0-SDK.luabindings/BindingLibs/libCIMLuaBindingSpriteKit.a</string>
			<key>sourceTree</key>
			<string>&lt;absolute&gt;</string>
		</dict>
		<key>428E590E748F47CEA8B0C415</key>
		<dict>
			<key>fileRef</key>
			<string>23C37F01F29E49F7833DFF55</string>
			<key>isa</key>
			<string>PBXBuildFile</string>
		</dict>
		<key>53C648B05CAC45ED9CB2CE1A</key>
		<dict>
			<key>fileRef</key>
			<string>DED49BB04D0B46D28DBD8709</string>
			<key>isa</key>
			<string>PBXBuildFile</string>
		</dict>
		<key>5B3D7C59AF7F4A898977932D</key>
		<dict>
			<key>fileRef</key>
			<string>BCAEC517E9DA4C98B4ECAD1A</string>
			<key>isa</key>
			<string>PBXBuildFile</string>
		</dict>
		<key>62385F958DA94924AEE25888</key>
		<dict>
			<key>includeInIndex</key>
			<string>1</string>
			<key>isa</key>
			<string>PBXFileReference</string>
			<key>lastKnownFileType</key>
			<string>archive.ar</string>
			<key>name</key>
			<string>libCIMLuaBindingCoreGraphics.a</string>
			<key>path</key>
			<string>/Users/jean-luc/Library/Application Support/com.celedev.CodeFlow/iphoneos/iOS-8.0-SDK.luabindings/BindingLibs/libCIMLuaBindingCoreGraphics.a</string>
			<key>sourceTree</key>
			<string>&lt;absolute&gt;</string>
		</dict>
		<key>BCAEC517E9DA4C98B4ECAD1A</key>
		<dict>
			<key>includeInIndex</key>
			<string>1</string>
			<key>isa</key>
			<string>PBXFileReference</string>
			<key>lastKnownFileType</key>
			<string>archive.ar</string>
			<key>name</key>
			<string>libCIMLuaBindingFoundation.a</string>
			<key>path</key>
			<string>/Users/jean-luc/Library/Application Support/com.celedev.CodeFlow/iphoneos/iOS-8.0-SDK.luabindings/BindingLibs/libCIMLuaBindingFoundation.a</string>
			<key>sourceTree</key>
			<string>&lt;absolute&gt;</string>
		</dict>
		<key>D40903F2C9A046DCA3BF6573</key>
		<dict>
			<key>includeInIndex</key>
			<string>1</string>
			<key>isa</key>
			<string>PBXFileReference</string>
			<key>lastKnownFileType</key>
			<string>archive.ar</string>
			<key>name</key>
			<string>libCIMLua.a</string>
			<key>path</key>
			<string>/Users/jean-luc/Library/Application Support/com.celedev.CodeFlow/iphoneos/libCIMLua.a</string>
			<key>sourceTree</key>
			<string>&lt;absolute&gt;</string>
		</dict>
		<key>D59669EA7C1F437594F1CDF3</key>
		<dict>
			<key>includeInIndex</key>
			<string>1</string>
			<key>isa</key>
			<string>PBXFileReference</string>
			<key>lastKnownFileType</key>
			<string>archive.ar</string>
			<key>name</key>
			<string>libCIMLuaDebugServerIOS.a</string>
			<key>path</key>
			<string>/Users/jean-luc/Library/Application Support/com.celedev.CodeFlow/iphoneos/libCIMLuaDebugServerIOS.a</string>
			<key>sourceTree</key>
			<string>&lt;absolute&gt;</string>
		</dict>
		<key>DED49BB04D0B46D28DBD8709</key>
		<dict>
			<key>includeInIndex</key>
			<string>1</string>
			<key>isa</key>
			<string>PBXFileReference</string>
			<key>lastKnownFileType</key>
			<string>archive.ar</string>
			<key>name</key>
			<string>libCIMLuaBindingUIKit.a</string>
			<key>path</key>
			<string>/Users/jean-luc/Library/Application Support/com.celedev.CodeFlow/iphoneos/iOS-8.0-SDK.luabindings/BindingLibs/libCIMLuaBindingUIKit.a</string>
			<key>sourceTree</key>
			<string>&lt;absolute&gt;</string>
		</dict>
		<key>F646C4171E7542E2BD0154A1</key>
		<dict>
			<key>fileRef</key>
			<string>D40903F2C9A046DCA3BF6573</string>
			<key>isa</key>
			<string>PBXBuildFile</string>
		</dict>
		<key>F720FEFA4AE14C8798C046A4</key>
		<dict>
			<key>fileRef</key>
			<string>D59669EA7C1F437594F1CDF3</string>
			<key>isa</key>
			<string>PBXBuildFile</string>
		</dict>
		<key>F98FE07C73D440E2A0C93230</key>
		<dict>
			<key>fileRef</key>
			<string>62385F958DA94924AEE25888</string>
			<key>isa</key>
			<string>PBXBuildFile</string>
		</dict>
		<key>FDC547B818DDA141004EB442</key>
		<dict>
			<key>buildConfigurationList</key>
			<string>FDC547CF18DDA141004EB442</string>
			<key>buildPhases</key>
			<array>
				<string>FDC547B918DDA141004EB442</string>
				<string>FDC547BD18DDA141004EB442</string>
				<string>FDC547C918DDA141004EB442</string>
			</array>
			<key>buildRules</key>
			<array/>
			<key>dependencies</key>
			<array/>
			<key>isa</key>
			<string>PBXNativeTarget</string>
			<key>name</key>
			<string>SpriteKitTest</string>
			<key>productName</key>
			<string>MyGame1</string>
			<key>productReference</key>
			<string>FDC547D218DDA141004EB442</string>
			<key>productType</key>
			<string>com.apple.product-type.application</string>
		</dict>
		<key>FDC547B918DDA141004EB442</key>
		<dict>
			<key>buildActionMask</key>
			<string>2147483647</string>
			<key>files</key>
			<array>
				<string>FDC547BA18DDA141004EB442</string>
				<string>FDC547BB18DDA141004EB442</string>
				<string>FDC547BC18DDA141004EB442</string>
			</array>
			<key>isa</key>
			<string>PBXSourcesBuildPhase</string>
			<key>runOnlyForDeploymentPostprocessing</key>
			<string>0</string>
		</dict>
		<key>FDC547BA18DDA141004EB442</key>
		<dict>
			<key>fileRef</key>
			<string>FDDD632D18BB69BA0060324C</string>
			<key>isa</key>
			<string>PBXBuildFile</string>
		</dict>
		<key>FDC547BB18DDA141004EB442</key>
		<dict>
			<key>fileRef</key>
			<string>FDDD632018BB69BA0060324C</string>
			<key>isa</key>
			<string>PBXBuildFile</string>
		</dict>
		<key>FDC547BC18DDA141004EB442</key>
		<dict>
			<key>fileRef</key>
			<string>FDDD632418BB69BA0060324C</string>
			<key>isa</key>
			<string>PBXBuildFile</string>
		</dict>
		<key>FDC547BD18DDA141004EB442</key>
		<dict>
			<key>buildActionMask</key>
			<string>2147483647</string>
			<key>files</key>
			<array>
				<string>FDC547C418DDA141004EB442</string>
				<string>FDC547C518DDA141004EB442</string>
				<string>FDC547C618DDA141004EB442</string>
				<string>FDC547C718DDA141004EB442</string>
				<string>428E590E748F47CEA8B0C415</string>
				<string>F646C4171E7542E2BD0154A1</string>
				<string>F720FEFA4AE14C8798C046A4</string>
				<string>53C648B05CAC45ED9CB2CE1A</string>
				<string>F98FE07C73D440E2A0C93230</string>
				<string>34EC9773E0134E2BB9A9AAB4</string>
				<string>5B3D7C59AF7F4A898977932D</string>
			</array>
			<key>isa</key>
			<string>PBXFrameworksBuildPhase</string>
			<key>runOnlyForDeploymentPostprocessing</key>
			<string>0</string>
		</dict>
		<key>FDC547C418DDA141004EB442</key>
		<dict>
			<key>fileRef</key>
			<string>FDDD631618BB69BA0060324C</string>
			<key>isa</key>
			<string>PBXBuildFile</string>
		</dict>
		<key>FDC547C518DDA141004EB442</key>
		<dict>
			<key>fileRef</key>
			<string>FDDD631818BB69BA0060324C</string>
			<key>isa</key>
			<string>PBXBuildFile</string>
		</dict>
		<key>FDC547C618DDA141004EB442</key>
		<dict>
			<key>fileRef</key>
			<string>FDDD631418BB69BA0060324C</string>
			<key>isa</key>
			<string>PBXBuildFile</string>
		</dict>
		<key>FDC547C718DDA141004EB442</key>
		<dict>
			<key>fileRef</key>
			<string>FDDD635B18BB81BD0060324C</string>
			<key>isa</key>
			<string>PBXBuildFile</string>
		</dict>
		<key>FDC547C918DDA141004EB442</key>
		<dict>
			<key>buildActionMask</key>
			<string>2147483647</string>
			<key>files</key>
			<array>
				<string>FDC547CA18DDA141004EB442</string>
				<string>FDC547CB18DDA141004EB442</string>
				<string>FDC547CC18DDA141004EB442</string>
				<string>FDC547CD18DDA141004EB442</string>
				<string>FDC547CE18DDA141004EB442</string>
			</array>
			<key>isa</key>
			<string>PBXResourcesBuildPhase</string>
			<key>runOnlyForDeploymentPostprocessing</key>
			<string>0</string>
		</dict>
		<key>FDC547CA18DDA141004EB442</key>
		<dict>
			<key>fileRef</key>
			<string>FDDD636F18BBCE180060324C</string>
			<key>isa</key>
			<string>PBXBuildFile</string>
		</dict>
		<key>FDC547CB18DDA141004EB442</key>
		<dict>
			<key>fileRef</key>
			<string>FDDD632918BB69BA0060324C</string>
			<key>isa</key>
			<string>PBXBuildFile</string>
		</dict>
		<key>FDC547CC18DDA141004EB442</key>
		<dict>
			<key>fileRef</key>
			<string>FDDD632F18BB69BA0060324C</string>
			<key>isa</key>
			<string>PBXBuildFile</string>
		</dict>
		<key>FDC547CD18DDA141004EB442</key>
		<dict>
			<key>fileRef</key>
			<string>FDDD632618BB69BA0060324C</string>
			<key>isa</key>
			<string>PBXBuildFile</string>
		</dict>
		<key>FDC547CE18DDA141004EB442</key>
		<dict>
			<key>fileRef</key>
			<string>FDDD631D18BB69BA0060324C</string>
			<key>isa</key>
			<string>PBXBuildFile</string>
		</dict>
		<key>FDC547CF18DDA141004EB442</key>
		<dict>
			<key>buildConfigurations</key>
			<array>
				<string>FDC547D018DDA141004EB442</string>
				<string>FDC547D118DDA141004EB442</string>
			</array>
			<key>defaultConfigurationIsVisible</key>
			<string>0</string>
			<key>defaultConfigurationName</key>
			<string>Release</string>
			<key>isa</key>
			<string>XCConfigurationList</string>
		</dict>
		<key>FDC547D018DDA141004EB442</key>
		<dict>
			<key>buildSettings</key>
			<dict>
				<key>ASSETCATALOG_COMPILER_APPICON_NAME</key>
				<string>AppIcon</string>
				<key>ASSETCATALOG_COMPILER_LAUNCHIMAGE_NAME</key>
				<string>LaunchImage</string>
				<key>GCC_PRECOMPILE_PREFIX_HEADER</key>
				<string>YES</string>
				<key>GCC_PREFIX_HEADER</key>
				<string>SpriteKitTest/SpriteKitTest-Prefix.pch</string>
				<key>HEADER_SEARCH_PATHS</key>
				<string>"$(USER_LIBRARY_DIR)/Application Support/com.celedev.CodeFlow/iphoneos/include"</string>
				<key>INFOPLIST_FILE</key>
				<string>SpriteKitTest/SpriteKitTest-Info.plist</string>
				<key>LIBRARY_SEARCH_PATHS</key>
				<array>
					<string>"$(USER_LIBRARY_DIR)/Application Support/com.celedev.CodeFlow/iphoneos"</string>
					<string>"$(USER_LIBRARY_DIR)/Application Support/com.celedev.CodeFlow/iphoneos/iOS-8.0-SDK.luabindings/BindingLibs"</string>
				</array>
				<key>OTHER_LDFLAGS</key>
				<string>-ObjC</string>
				<key>PRODUCT_NAME</key>
				<string>SpriteKitTest</string>
				<key>WRAPPER_EXTENSION</key>
				<string>app</string>
			</dict>
			<key>isa</key>
			<string>XCBuildConfiguration</string>
			<key>name</key>
			<string>Debug</string>
		</dict>
		<key>FDC547D118DDA141004EB442</key>
		<dict>
			<key>buildSettings</key>
			<dict>
				<key>ASSETCATALOG_COMPILER_APPICON_NAME</key>
				<string>AppIcon</string>
				<key>ASSETCATALOG_COMPILER_LAUNCHIMAGE_NAME</key>
				<string>LaunchImage</string>
				<key>GCC_PRECOMPILE_PREFIX_HEADER</key>
				<string>YES</string>
				<key>GCC_PREFIX_HEADER</key>
				<string>SpriteKitTest/SpriteKitTest-Prefix.pch</string>
				<key>HEADER_SEARCH_PATHS</key>
				<string>"$(USER_LIBRARY_DIR)/Application Support/com.celedev.CodeFlow/iphoneos/include"</string>
				<key>INFOPLIST_FILE</key>
				<string>SpriteKitTest/SpriteKitTest-Info.plist</string>
				<key>LIBRARY_SEARCH_PATHS</key>
				<array>
					<string>"$(USER_LIBRARY_DIR)/Application Support/com.celedev.CodeFlow/iphoneos"</string>
					<string>"$(USER_LIBRARY_DIR)/Application Support/com.celedev.CodeFlow/iphoneos/iOS-8.0-SDK.luabindings/BindingLibs"</string>
				</array>
				<key>OTHER_LDFLAGS</key>
				<string>-ObjC</string>
				<key>PRODUCT_NAME</key>
				<string>SpriteKitTest</string>
				<key>WRAPPER_EXTENSION</key>
				<string>app</string>
			</dict>
			<key>isa</key>
			<string>XCBuildConfiguration</string>
			<key>name</key>
			<string>Release</string>
		</dict>
		<key>FDC547D218DDA141004EB442</key>
		<dict>
			<key>explicitFileType</key>
			<string>wrapper.application</string>
			<key>includeInIndex</key>
			<string>0</string>
			<key>isa</key>
			<string>PBXFileReference</string>
			<key>path</key>
			<string>SpriteKitTest.app</string>
			<key>sourceTree</key>
			<string>BUILT_PRODUCTS_DIR</string>
		</dict>
		<key>FDDD630818BB69BA0060324C</key>
		<dict>
			<key>children</key>
			<array>
				<string>FDDD631A18BB69BA0060324C</string>
				<string>FDDD631318BB69BA0060324C</string>
				<string>FDDD631218BB69BA0060324C</string>
			</array>
			<key>isa</key>
			<string>PBXGroup</string>
			<key>sourceTree</key>
			<string>&lt;group&gt;</string>
		</dict>
		<key>FDDD630918BB69BA0060324C</key>
		<dict>
			<key>attributes</key>
			<dict>
				<key>CLASSPREFIX</key>
				<string>CLDV</string>
				<key>LastUpgradeCheck</key>
				<string>0510</string>
				<key>ORGANIZATIONNAME</key>
				<string>Celedev</string>
			</dict>
			<key>buildConfigurationList</key>
			<string>FDDD630C18BB69BA0060324C</string>
			<key>compatibilityVersion</key>
			<string>Xcode 3.2</string>
			<key>developmentRegion</key>
			<string>English</string>
			<key>hasScannedForEncodings</key>
			<string>0</string>
			<key>isa</key>
			<string>PBXProject</string>
			<key>knownRegions</key>
			<array>
				<string>en</string>
				<string>Base</string>
			</array>
			<key>mainGroup</key>
			<string>FDDD630818BB69BA0060324C</string>
			<key>productRefGroup</key>
			<string>FDDD631218BB69BA0060324C</string>
			<key>projectDirPath</key>
			<string></string>
			<key>projectReferences</key>
			<array/>
			<key>projectRoot</key>
			<string></string>
			<key>targets</key>
			<array>
				<string>FDC547B818DDA141004EB442</string>
			</array>
		</dict>
		<key>FDDD630C18BB69BA0060324C</key>
		<dict>
			<key>buildConfigurations</key>
			<array>
				<string>FDDD634418BB69BB0060324C</string>
				<string>FDDD634518BB69BB0060324C</string>
			</array>
			<key>defaultConfigurationIsVisible</key>
			<string>0</string>
			<key>defaultConfigurationName</key>
			<string>Release</string>
			<key>isa</key>
			<string>XCConfigurationList</string>
		</dict>
		<key>FDDD631218BB69BA0060324C</key>
		<dict>
			<key>children</key>
			<array>
				<string>FDC547D218DDA141004EB442</string>
			</array>
			<key>isa</key>
			<string>PBXGroup</string>
			<key>name</key>
			<string>Products</string>
			<key>sourceTree</key>
			<string>&lt;group&gt;</string>
		</dict>
		<key>FDDD631318BB69BA0060324C</key>
		<dict>
			<key>children</key>
			<array>
				<string>FDDD635B18BB81BD0060324C</string>
				<string>FDDD631418BB69BA0060324C</string>
				<string>FDDD631618BB69BA0060324C</string>
				<string>FDDD631818BB69BA0060324C</string>
				<string>23C37F01F29E49F7833DFF55</string>
				<string>D40903F2C9A046DCA3BF6573</string>
				<string>D59669EA7C1F437594F1CDF3</string>
				<string>DED49BB04D0B46D28DBD8709</string>
				<string>62385F958DA94924AEE25888</string>
				<string>37098F8AC94B453CB0A1D847</string>
				<string>BCAEC517E9DA4C98B4ECAD1A</string>
			</array>
			<key>isa</key>
			<string>PBXGroup</string>
			<key>name</key>
			<string>Frameworks</string>
			<key>sourceTree</key>
			<string>&lt;group&gt;</string>
		</dict>
		<key>FDDD631418BB69BA0060324C</key>
		<dict>
			<key>isa</key>
			<string>PBXFileReference</string>
			<key>lastKnownFileType</key>
			<string>wrapper.framework</string>
			<key>name</key>
			<string>Foundation.framework</string>
			<key>path</key>
			<string>System/Library/Frameworks/Foundation.framework</string>
			<key>sourceTree</key>
			<string>SDKROOT</string>
		</dict>
		<key>FDDD631618BB69BA0060324C</key>
		<dict>
			<key>isa</key>
			<string>PBXFileReference</string>
			<key>lastKnownFileType</key>
			<string>wrapper.framework</string>
			<key>name</key>
			<string>CoreGraphics.framework</string>
			<key>path</key>
			<string>System/Library/Frameworks/CoreGraphics.framework</string>
			<key>sourceTree</key>
			<string>SDKROOT</string>
		</dict>
		<key>FDDD631818BB69BA0060324C</key>
		<dict>
			<key>isa</key>
			<string>PBXFileReference</string>
			<key>lastKnownFileType</key>
			<string>wrapper.framework</string>
			<key>name</key>
			<string>UIKit.framework</string>
			<key>path</key>
			<string>System/Library/Frameworks/UIKit.framework</string>
			<key>sourceTree</key>
			<string>SDKROOT</string>
		</dict>
		<key>FDDD631A18BB69BA0060324C</key>
		<dict>
			<key>children</key>
			<array>
				<string>FDDD632318BB69BA0060324C</string>
				<string>FDDD632418BB69BA0060324C</string>
				<string>FDDD632618BB69BA0060324C</string>
				<string>FDDD632918BB69BA0060324C</string>
				<string>FDDD632C18BB69BA0060324C</string>
				<string>FDDD632D18BB69BA0060324C</string>
				<string>FDDD632F18BB69BA0060324C</string>
				<string>FDDD636F18BBCE180060324C</string>
				<string>FDDD631B18BB69BA0060324C</string>
			</array>
			<key>isa</key>
			<string>PBXGroup</string>
			<key>path</key>
			<string>SpriteKitTest</string>
			<key>sourceTree</key>
			<string>&lt;group&gt;</string>
		</dict>
		<key>FDDD631B18BB69BA0060324C</key>
		<dict>
			<key>children</key>
			<array>
				<string>FDDD631C18BB69BA0060324C</string>
				<string>FDDD631D18BB69BA0060324C</string>
				<string>FDDD632018BB69BA0060324C</string>
				<string>FDDD632218BB69BA0060324C</string>
			</array>
			<key>isa</key>
			<string>PBXGroup</string>
			<key>name</key>
			<string>Supporting Files</string>
			<key>sourceTree</key>
			<string>&lt;group&gt;</string>
		</dict>
		<key>FDDD631C18BB69BA0060324C</key>
		<dict>
			<key>isa</key>
			<string>PBXFileReference</string>
			<key>lastKnownFileType</key>
			<string>text.plist.xml</string>
			<key>path</key>
			<string>SpriteKitTest-Info.plist</string>
			<key>sourceTree</key>
			<string>&lt;group&gt;</string>
		</dict>
		<key>FDDD631D18BB69BA0060324C</key>
		<dict>
			<key>children</key>
			<array>
				<string>FDDD631E18BB69BA0060324C</string>
			</array>
			<key>isa</key>
			<string>PBXVariantGroup</string>
			<key>name</key>
			<string>InfoPlist.strings</string>
			<key>sourceTree</key>
			<string>&lt;group&gt;</string>
		</dict>
		<key>FDDD631E18BB69BA0060324C</key>
		<dict>
			<key>isa</key>
			<string>PBXFileReference</string>
			<key>lastKnownFileType</key>
			<string>text.plist.strings</string>
			<key>name</key>
			<string>en</string>
			<key>path</key>
			<string>en.lproj/InfoPlist.strings</string>
			<key>sourceTree</key>
			<string>&lt;group&gt;</string>
		</dict>
		<key>FDDD632018BB69BA0060324C</key>
		<dict>
			<key>isa</key>
			<string>PBXFileReference</string>
			<key>lastKnownFileType</key>
			<string>sourcecode.c.objc</string>
			<key>path</key>
			<string>main.m</string>
			<key>sourceTree</key>
			<string>&lt;group&gt;</string>
		</dict>
		<key>FDDD632218BB69BA0060324C</key>
		<dict>
			<key>isa</key>
			<string>PBXFileReference</string>
			<key>lastKnownFileType</key>
			<string>sourcecode.c.h</string>
			<key>path</key>
			<string>SpriteKitTest-Prefix.pch</string>
			<key>sourceTree</key>
			<string>&lt;group&gt;</string>
		</dict>
		<key>FDDD632318BB69BA0060324C</key>
		<dict>
			<key>isa</key>
			<string>PBXFileReference</string>
			<key>lastKnownFileType</key>
			<string>sourcecode.c.h</string>
			<key>path</key>
			<string>CLDVAppDelegate.h</string>
			<key>sourceTree</key>
			<string>&lt;group&gt;</string>
		</dict>
		<key>FDDD632418BB69BA0060324C</key>
		<dict>
			<key>isa</key>
			<string>PBXFileReference</string>
			<key>lastKnownFileType</key>
			<string>sourcecode.c.objc</string>
			<key>path</key>
			<string>CLDVAppDelegate.m</string>
			<key>sourceTree</key>
			<string>&lt;group&gt;</string>
		</dict>
		<key>FDDD632618BB69BA0060324C</key>
		<dict>
			<key>children</key>
			<array>
				<string>FDDD632718BB69BA0060324C</string>
			</array>
			<key>isa</key>
			<string>PBXVariantGroup</string>
			<key>name</key>
			<string>Main_iPhone.storyboard</string>
			<key>sourceTree</key>
			<string>&lt;group&gt;</string>
		</dict>
		<key>FDDD632718BB69BA0060324C</key>
		<dict>
			<key>isa</key>
			<string>PBXFileReference</string>
			<key>lastKnownFileType</key>
			<string>file.storyboard</string>
			<key>name</key>
			<string>Base</string>
			<key>path</key>
			<string>Base.lproj/Main_iPhone.storyboard</string>
			<key>sourceTree</key>
			<string>&lt;group&gt;</string>
		</dict>
		<key>FDDD632918BB69BA0060324C</key>
		<dict>
			<key>children</key>
			<array>
				<string>FDDD632A18BB69BA0060324C</string>
			</array>
			<key>isa</key>
			<string>PBXVariantGroup</string>
			<key>name</key>
			<string>Main_iPad.storyboard</string>
			<key>sourceTree</key>
			<string>&lt;group&gt;</string>
		</dict>
		<key>FDDD632A18BB69BA0060324C</key>
		<dict>
			<key>isa</key>
			<string>PBXFileReference</string>
			<key>lastKnownFileType</key>
			<string>file.storyboard</string>
			<key>name</key>
			<string>Base</string>
			<key>path</key>
			<string>Base.lproj/Main_iPad.storyboard</string>
			<key>sourceTree</key>
			<string>&lt;group&gt;</string>
		</dict>
		<key>FDDD632C18BB69BA0060324C</key>
		<dict>
			<key>isa</key>
			<string>PBXFileReference</string>
			<key>lastKnownFileType</key>
			<string>sourcecode.c.h</string>
			<key>path</key>
			<string>CLDVViewController.h</string>
			<key>sourceTree</key>
			<string>&lt;group&gt;</string>
		</dict>
		<key>FDDD632D18BB69BA0060324C</key>
		<dict>
			<key>isa</key>
			<string>PBXFileReference</string>
			<key>lastKnownFileType</key>
			<string>sourcecode.c.objc</string>
			<key>path</key>
			<string>CLDVViewController.m</string>
			<key>sourceTree</key>
			<string>&lt;group&gt;</string>
		</dict>
		<key>FDDD632F18BB69BA0060324C</key>
		<dict>
			<key>isa</key>
			<string>PBXFileReference</string>
			<key>lastKnownFileType</key>
			<string>folder.assetcatalog</string>
			<key>path</key>
			<string>Images.xcassets</string>
			<key>sourceTree</key>
			<string>&lt;group&gt;</string>
		</dict>
		<key>FDDD634418BB69BB0060324C</key>
		<dict>
			<key>buildSettings</key>
			<dict>
				<key>ALWAYS_SEARCH_USER_PATHS</key>
				<string>NO</string>
				<key>CLANG_CXX_LANGUAGE_STANDARD</key>
				<string>gnu++0x</string>
				<key>CLANG_CXX_LIBRARY</key>
				<string>libc++</string>
				<key>CLANG_ENABLE_MODULES</key>
				<string>YES</string>
				<key>CLANG_ENABLE_OBJC_ARC</key>
				<string>YES</string>
				<key>CLANG_WARN_BOOL_CONVERSION</key>
				<string>YES</string>
				<key>CLANG_WARN_CONSTANT_CONVERSION</key>
				<string>YES</string>
				<key>CLANG_WARN_DIRECT_OBJC_ISA_USAGE</key>
				<string>YES_ERROR</string>
				<key>CLANG_WARN_EMPTY_BODY</key>
				<string>YES</string>
				<key>CLANG_WARN_ENUM_CONVERSION</key>
				<string>YES</string>
				<key>CLANG_WARN_INT_CONVERSION</key>
				<string>YES</string>
				<key>CLANG_WARN_OBJC_ROOT_CLASS</key>
				<string>YES_ERROR</string>
				<key>CLANG_WARN__DUPLICATE_METHOD_MATCH</key>
				<string>YES</string>
				<key>CODE_SIGN_IDENTITY[sdk=iphoneos*]</key>
				<string>iPhone Developer</string>
				<key>COPY_PHASE_STRIP</key>
				<string>NO</string>
				<key>GCC_C_LANGUAGE_STANDARD</key>
				<string>gnu99</string>
				<key>GCC_DYNAMIC_NO_PIC</key>
				<string>NO</string>
				<key>GCC_OPTIMIZATION_LEVEL</key>
				<string>0</string>
				<key>GCC_PREPROCESSOR_DEFINITIONS</key>
				<array>
					<string>DEBUG=1</string>
					<string>$(inherited)</string>
				</array>
				<key>GCC_SYMBOLS_PRIVATE_EXTERN</key>
				<string>NO</string>
				<key>GCC_WARN_64_TO_32_BIT_CONVERSION</key>
				<string>YES</string>
				<key>GCC_WARN_ABOUT_RETURN_TYPE</key>
				<string>YES_ERROR</string>
				<key>GCC_WARN_UNDECLARED_SELECTOR</key>
				<string>YES</string>
				<key>GCC_WARN_UNINITIALIZED_AUTOS</key>
				<string>YES_AGGRESSIVE</string>
				<key>GCC_WARN_UNUSED_FUNCTION</key>
				<string>YES</string>
				<key>GCC_WARN_UNUSED_VARIABLE</key>
				<string>YES</string>
				<key>IPHONEOS_DEPLOYMENT_TARGET</key>
				<string>7.1</string>
				<key>ONLY_ACTIVE_ARCH</key>
				<string>YES</string>
				<key>SDKROOT</key>
				<string>iphoneos</string>
				<key>SPRITEKIT_TEXTURE_ATLAS_OUTPUT</key>
				<string>YES</string>
				<key>TARGETED_DEVICE_FAMILY</key>
				<string>1,2</string>
			</dict>
			<key>isa</key>
			<string>XCBuildConfiguration</string>
			<key>name</key>
			<string>Debug</string>
		</dict>
		<key>FDDD634518BB69BB0060324C</key>
		<dict>
			<key>buildSettings</key>
			<dict>
				<key>ALWAYS_SEARCH_USER_PATHS</key>
				<string>NO</string>
				<key>CLANG_CXX_LANGUAGE_STANDARD</key>
				<string>gnu++0x</string>
				<key>CLANG_CXX_LIBRARY</key>
				<string>libc++</string>
				<key>CLANG_ENABLE_MODULES</key>
				<string>YES</string>
				<key>CLANG_ENABLE_OBJC_ARC</key>
				<string>YES</string>
				<key>CLANG_WARN_BOOL_CONVERSION</key>
				<string>YES</string>
				<key>CLANG_WARN_CONSTANT_CONVERSION</key>
				<string>YES</string>
				<key>CLANG_WARN_DIRECT_OBJC_ISA_USAGE</key>
				<string>YES_ERROR</string>
				<key>CLANG_WARN_EMPTY_BODY</key>
				<string>YES</string>
				<key>CLANG_WARN_ENUM_CONVERSION</key>
				<string>YES</string>
				<key>CLANG_WARN_INT_CONVERSION</key>
				<string>YES</string>
				<key>CLANG_WARN_OBJC_ROOT_CLASS</key>
				<string>YES_ERROR</string>
				<key>CLANG_WARN__DUPLICATE_METHOD_MATCH</key>
				<string>YES</string>
				<key>CODE_SIGN_IDENTITY[sdk=iphoneos*]</key>
				<string>iPhone Developer</string>
				<key>COPY_PHASE_STRIP</key>
				<string>YES</string>
				<key>ENABLE_NS_ASSERTIONS</key>
				<string>NO</string>
				<key>GCC_C_LANGUAGE_STANDARD</key>
				<string>gnu99</string>
				<key>GCC_WARN_64_TO_32_BIT_CONVERSION</key>
				<string>YES</string>
				<key>GCC_WARN_ABOUT_RETURN_TYPE</key>
				<string>YES_ERROR</string>
				<key>GCC_WARN_UNDECLARED_SELECTOR</key>
				<string>YES</string>
				<key>GCC_WARN_UNINITIALIZED_AUTOS</key>
				<string>YES_AGGRESSIVE</string>
				<key>GCC_WARN_UNUSED_FUNCTION</key>
				<string>YES</string>
				<key>GCC_WARN_UNUSED_VARIABLE</key>
				<string>YES</string>
				<key>IPHONEOS_DEPLOYMENT_TARGET</key>
				<string>7.1</string>
				<key>SDKROOT</key>
				<string>iphoneos</string>
				<key>SPRITEKIT_TEXTURE_ATLAS_OUTPUT</key>
				<string>YES</string>
				<key>TARGETED_DEVICE_FAMILY</key>
				<string>1,2</string>
				<key>VALIDATE_PRODUCT</key>
				<string>YES</string>
			</dict>
			<key>isa</key>
			<string>XCBuildConfiguration</string>
			<key>name</key>
			<string>Release</string>
		</dict>
		<key>FDDD635B18BB81BD0060324C</key>
		<dict>
			<key>isa</key>
			<string>PBXFileReference</string>
			<key>lastKnownFileType</key>
			<string>wrapper.framework</string>
			<key>name</key>
			<string>SpriteKit.framework</string>
			<key>path</key>
			<string>System/Library/Frameworks/SpriteKit.framework</string>
			<key>sourceTree</key>
			<string>SDKROOT</string>
		</dict>
		<key>FDDD636F18BBCE180060324C</key>
		<dict>
			<key>isa</key>
			<string>PBXFileReference</string>
			<key>lastKnownFileType</key>
			<string>folder.skatlas</string>
			<key>path</key>
			<string>Spearman.atlas</string>
			<key>sourceTree</key>
			<string>&lt;group&gt;</string>
		</dict>
	</dict>
	<key>rootObject</key>
	<string>FDDD630918BB69BA0060324C</string>
</dict>
</plist>
